
Microsoft Visual Studio Solution File, Format Version 12.00
# Visual Studio Version 16
VisualStudioVersion = 16.0.30611.23
MinimumVisualStudioVersion = 10.0.40219.1
Project("{FAE04EC0-301F-11D3-BF4B-00C04F79EFBC}") = "Ejemplo.Android", "Ejemplo.Android\Ejemplo.Android.csproj", "{3425EB2A-FC71-4596-8B7D-CC46CF1DAAC1}"
EndProject
Project("{FAE04EC0-301F-11D3-BF4B-00C04F79EFBC}") = "Ejemplo.iOS", "Ejemplo.iOS\Ejemplo.iOS.csproj", "{D226796D-893C-4127-BA93-C4AB7741DA8C}"
EndProject
Project("{FAE04EC0-301F-11D3-BF4B-00C04F79EFBC}") = "Ejemplo", "Ejemplo\Ejemplo.csproj", "{46E87160-B160-404E-B170-905AAF602943}"
EndProject
Global
	GlobalSection(SolutionConfigurationPlatforms) = preSolution
		Debug|Any CPU = Debug|Any CPU
		Debug|iPhone = Debug|iPhone
		Debug|iPhoneSimulator = Debug|iPhoneSimulator
		Release|Any CPU = Release|Any CPU
		Release|iPhone = Release|iPhone
		Release|iPhoneSimulator = Release|iPhoneSimulator
	EndGlobalSection
	GlobalSection(ProjectConfigurationPlatforms) = postSolution
		{3425EB2A-FC71-4596-8B7D-CC46CF1DAAC1}.Debug|Any CPU.ActiveCfg = Debug|Any CPU
		{3425EB2A-FC71-4596-8B7D-CC46CF1DAAC1}.Debug|Any CPU.Build.0 = Debug|Any CPU
		{3425EB2A-FC71-4596-8B7D-CC46CF1DAAC1}.Debug|Any CPU.Deploy.0 = Debug|Any CPU
		{3425EB2A-FC71-4596-8B7D-CC46CF1DAAC1}.Debug|iPhone.ActiveCfg = Debug|Any CPU
		{3425EB2A-FC71-4596-8B7D-CC46CF1DAAC1}.Debug|iPhone.Build.0 = Debug|Any CPU
		{3425EB2A-FC71-4596-8B7D-CC46CF1DAAC1}.Debug|iPhone.Deploy.0 = Debug|Any CPU
		{3425EB2A-FC71-4596-8B7D-CC46CF1DAAC1}.Debug|iPhoneSimulator.ActiveCfg = Debug|Any CPU
		{3425EB2A-FC71-4596-8B7D-CC46CF1DAAC1}.Debug|iPhoneSimulator.Build.0 = Debug|Any CPU
		{3425EB2A-FC71-4596-8B7D-CC46CF1DAAC1}.Debug|iPhoneSimulator.Deploy.0 = Debug|Any CPU
		{3425EB2A-FC71-4596-8B7D-CC46CF1DAAC1}.Release|Any CPU.ActiveCfg = Release|Any CPU
		{3425EB2A-FC71-4596-8B7D-CC46CF1DAAC1}.Release|Any CPU.Build.0 = Release|Any CPU
		{3425EB2A-FC71-4596-8B7D-CC46CF1DAAC1}.Release|Any CPU.Deploy.0 = Release|Any CPU
		{3425EB2A-FC71-4596-8B7D-CC46CF1DAAC1}.Release|iPhone.ActiveCfg = Release|Any CPU
		{3425EB2A-FC71-4596-8B7D-CC46CF1DAAC1}.Release|iPhone.Build.0 = Release|Any CPU
		{3425EB2A-FC71-4596-8B7D-CC46CF1DAAC1}.Release|iPhone.Deploy.0 = Release|Any CPU
		{3425EB2A-FC71-4596-8B7D-CC46CF1DAAC1}.Release|iPhoneSimulator.ActiveCfg = Release|Any CPU
		{3425EB2A-FC71-4596-8B7D-CC46CF1DAAC1}.Release|iPhoneSimulator.Build.0 = Release|Any CPU
		{3425EB2A-FC71-4596-8B7D-CC46CF1DAAC1}.Release|iPhoneSimulator.Deploy.0 = Release|Any CPU
		{D226796D-893C-4127-BA93-C4AB7741DA8C}.Debug|Any CPU.ActiveCfg = Debug|iPhone
		{D226796D-893C-4127-BA93-C4AB7741DA8C}.Debug|Any CPU.Build.0 = Debug|iPhone
		{D226796D-893C-4127-BA93-C4AB7741DA8C}.Debug|Any CPU.Deploy.0 = Debug|iPhone
		{D226796D-893C-4127-BA93-C4AB7741DA8C}.Debug|iPhone.ActiveCfg = Debug|iPhone
		{D226796D-893C-4127-BA93-C4AB7741DA8C}.Debug|iPhone.Build.0 = Debug|iPhone
		{D226796D-893C-4127-BA93-C4AB7741DA8C}.Debug|iPhone.Deploy.0 = Debug|iPhone
		{D226796D-893C-4127-BA93-C4AB7741DA8C}.Debug|iPhoneSimulator.ActiveCfg = Debug|iPhoneSimulator
		{D226796D-893C-4127-BA93-C4AB7741DA8C}.Debug|iPhoneSimulator.Build.0 = Debug|iPhoneSimulator
		{D226796D-893C-4127-BA93-C4AB7741DA8C}.Debug|iPhoneSimulator.Deploy.0 = Debug|iPhoneSimulator
		{D226796D-893C-4127-BA93-C4AB7741DA8C}.Release|Any CPU.ActiveCfg = Release|iPhoneSimulator
		{D226796D-893C-4127-BA93-C4AB7741DA8C}.Release|Any CPU.Build.0 = Release|iPhoneSimulator
		{D226796D-893C-4127-BA93-C4AB7741DA8C}.Release|Any CPU.Deploy.0 = Release|iPhoneSimulator
		{D226796D-893C-4127-BA93-C4AB7741DA8C}.Release|iPhone.ActiveCfg = Release|iPhone
		{D226796D-893C-4127-BA93-C4AB7741DA8C}.Release|iPhone.Build.0 = Release|iPhone
		{D226796D-893C-4127-BA93-C4AB7741DA8C}.Release|iPhone.Deploy.0 = Release|iPhone
		{D226796D-893C-4127-BA93-C4AB7741DA8C}.Release|iPhoneSimulator.ActiveCfg = Release|iPhoneSimulator
		{D226796D-893C-4127-BA93-C4AB7741DA8C}.Release|iPhoneSimulator.Build.0 = Release|iPhoneSimulator
		{D226796D-893C-4127-BA93-C4AB7741DA8C}.Release|iPhoneSimulator.Deploy.0 = Release|iPhoneSimulator
		{46E87160-B160-404E-B170-905AAF602943}.Debug|Any CPU.ActiveCfg = Debug|Any CPU
		{46E87160-B160-404E-B170-905AAF602943}.Debug|Any CPU.Build.0 = Debug|Any CPU
		{46E87160-B160-404E-B170-905AAF602943}.Debug|Any CPU.Deploy.0 = Debug|Any CPU
		{46E87160-B160-404E-B170-905AAF602943}.Debug|iPhone.ActiveCfg = Debug|Any CPU
		{46E87160-B160-404E-B170-905AAF602943}.Debug|iPhone.Build.0 = Debug|Any CPU
		{46E87160-B160-404E-B170-905AAF602943}.Debug|iPhone.Deploy.0 = Debug|Any CPU
		{46E87160-B160-404E-B170-905AAF602943}.Debug|iPhoneSimulator.ActiveCfg = Debug|Any CPU
		{46E87160-B160-404E-B170-905AAF602943}.Debug|iPhoneSimulator.Build.0 = Debug|Any CPU
		{46E87160-B160-404E-B170-905AAF602943}.Debug|iPhoneSimulator.Deploy.0 = Debug|Any CPU
		{46E87160-B160-404E-B170-905AAF602943}.Release|Any CPU.ActiveCfg = Release|Any CPU
		{46E87160-B160-404E-B170-905AAF602943}.Release|Any CPU.Build.0 = Release|Any CPU
		{46E87160-B160-404E-B170-905AAF602943}.Release|Any CPU.Deploy.0 = Release|Any CPU
		{46E87160-B160-404E-B170-905AAF602943}.Release|iPhone.ActiveCfg = Release|Any CPU
		{46E87160-B160-404E-B170-905AAF602943}.Release|iPhone.Build.0 = Release|Any CPU
		{46E87160-B160-404E-B170-905AAF602943}.Release|iPhone.Deploy.0 = Release|Any CPU
		{46E87160-B160-404E-B170-905AAF602943}.Release|iPhoneSimulator.ActiveCfg = Release|Any CPU
		{46E87160-B160-404E-B170-905AAF602943}.Release|iPhoneSimulator.Build.0 = Release|Any CPU
		{46E87160-B160-404E-B170-905AAF602943}.Release|iPhoneSimulator.Deploy.0 = Release|Any CPU
	EndGlobalSection
	GlobalSection(SolutionProperties) = preSolution
		HideSolutionNode = FALSE
	EndGlobalSection
	GlobalSection(ExtensibilityGlobals) = postSolution
		SolutionGuid = {7D018F2B-026F-4DAA-A838-6E0560847744}
	EndGlobalSection
EndGlobal
